
Microsoft Visual Studio Solution File, Format Version 12.00
# Visual Studio Version 17
VisualStudioVersion = 17.13.35825.156 d17.13
MinimumVisualStudioVersion = 10.0.40219.1
Project("{FAE04EC0-301F-11D3-BF4B-00C04F79EFBC}") = "ClinicAppointment", "ClinicAppointment\ClinicAppointment.csproj", "{78D14F9E-5ADF-4D92-88C2-F2AD3D689DC3}"
EndProject
Global
	GlobalSection(SolutionConfigurationPlatforms) = preSolution
		Debug|Any CPU = Debug|Any CPU
		Release|Any CPU = Release|Any CPU
	EndGlobalSection
	GlobalSection(ProjectConfigurationPlatforms) = postSolution
		{78D14F9E-5ADF-4D92-88C2-F2AD3D689DC3}.Debug|Any CPU.ActiveCfg = Debug|Any CPU
		{78D14F9E-5ADF-4D92-88C2-F2AD3D689DC3}.Debug|Any CPU.Build.0 = Debug|Any CPU
		{78D14F9E-5ADF-4D92-88C2-F2AD3D689DC3}.Release|Any CPU.ActiveCfg = Release|Any CPU
		{78D14F9E-5ADF-4D92-88C2-F2AD3D689DC3}.Release|Any CPU.Build.0 = Release|Any CPU
	EndGlobalSection
	GlobalSection(SolutionProperties) = preSolution
		HideSolutionNode = FALSE
	EndGlobalSection
	GlobalSection(ExtensibilityGlobals) = postSolution
		SolutionGuid = {D3DBBD23-2EE0-4086-9D82-49C9415AC90C}
	EndGlobalSection
EndGlobal
